{
  "version": 4,
  "terraform_version": "0.15.2",
  "serial": 1,
  "lineage": "0d4e92f8-39da-8327-de80-0d2c98c8fd5c",
  "outputs": {},
  "resources": [
    {
      "mode": "managed",
      "type": "aws_vpc",
      "name": "main",
      "provider": "provider[\"registry.terraform.io/hashicorp/aws\"]",
      "instances": [
        {
          "schema_version": 1,
          "attributes": {
            "arn": "arn:aws:ec2:ap-northeast-2:879733373426:vpc/vpc-08d268c5fa373a77f",
            "assign_generated_ipv6_cidr_block": false,
            "cidr_block": "10.0.0.0/16",
            "default_network_acl_id": "acl-0f9180d571e34e7a4",
            "default_route_table_id": "rtb-07f07771f95d6586f",
            "default_security_group_id": "sg-0d99424383f2bcf23",
            "dhcp_options_id": "dopt-5dbdd036",
            "enable_classiclink": null,
            "enable_classiclink_dns_support": null,
            "enable_dns_hostnames": false,
            "enable_dns_support": true,
            "id": "vpc-08d268c5fa373a77f",
            "instance_tenancy": "default",
            "ipv6_association_id": "",
            "ipv6_cidr_block": "",
            "main_route_table_id": "rtb-07f07771f95d6586f",
            "owner_id": "879733373426",
            "tags": {
              "Name": "terraform-vpc"
            },
            "tags_all": {
              "Name": "terraform-vpc"
            }
          },
          "sensitive_attributes": [],
          "private": "eyJzY2hlbWFfdmVyc2lvbiI6IjEifQ=="
        }
      ]
    }
  ]
}
